
Microsoft Visual Studio Solution File, Format Version 12.00
# Visual Studio Version 17
VisualStudioVersion = 17.11.35327.3
MinimumVisualStudioVersion = 10.0.40219.1
Project("{FAE04EC0-301F-11D3-BF4B-00C04F79EFBC}") = "ConsoleApp1", "ConsoleApp1\ConsoleApp1.csproj", "{D6904542-4A73-498C-A2D2-252100FED41B}"
EndProject
Global
	GlobalSection(SolutionConfigurationPlatforms) = preSolution
		Debug|Any CPU = Debug|Any CPU
		Release|Any CPU = Release|Any CPU
	EndGlobalSection
	GlobalSection(ProjectConfigurationPlatforms) = postSolution
		{D6904542-4A73-498C-A2D2-252100FED41B}.Debug|Any CPU.ActiveCfg = Debug|Any CPU
		{D6904542-4A73-498C-A2D2-252100FED41B}.Debug|Any CPU.Build.0 = Debug|Any CPU
		{D6904542-4A73-498C-A2D2-252100FED41B}.Release|Any CPU.ActiveCfg = Release|Any CPU
		{D6904542-4A73-498C-A2D2-252100FED41B}.Release|Any CPU.Build.0 = Release|Any CPU
	EndGlobalSection
	GlobalSection(SolutionProperties) = preSolution
		HideSolutionNode = FALSE
	EndGlobalSection
	GlobalSection(ExtensibilityGlobals) = postSolution
		SolutionGuid = {26D29811-10C3-4343-BCE5-528DFB0DFCC5}
	EndGlobalSection
EndGlobal
